
Microsoft Visual Studio Solution File, Format Version 12.00
# Visual Studio Version 17
VisualStudioVersion = 17.5.33530.505
MinimumVisualStudioVersion = 10.0.40219.1
Project("{FAE04EC0-301F-11D3-BF4B-00C04F79EFBC}") = "King_CourseProject_Part1", "King_CourseProject_Part1.csproj", "{27911BD1-66C5-499C-8488-1201CCFA5CC0}"
EndProject
Global
	GlobalSection(SolutionConfigurationPlatforms) = preSolution
		Debug|Any CPU = Debug|Any CPU
		Release|Any CPU = Release|Any CPU
	EndGlobalSection
	GlobalSection(ProjectConfigurationPlatforms) = postSolution
		{27911BD1-66C5-499C-8488-1201CCFA5CC0}.Debug|Any CPU.ActiveCfg = Debug|Any CPU
		{27911BD1-66C5-499C-8488-1201CCFA5CC0}.Debug|Any CPU.Build.0 = Debug|Any CPU
		{27911BD1-66C5-499C-8488-1201CCFA5CC0}.Release|Any CPU.ActiveCfg = Release|Any CPU
		{27911BD1-66C5-499C-8488-1201CCFA5CC0}.Release|Any CPU.Build.0 = Release|Any CPU
	EndGlobalSection
	GlobalSection(SolutionProperties) = preSolution
		HideSolutionNode = FALSE
	EndGlobalSection
	GlobalSection(ExtensibilityGlobals) = postSolution
		SolutionGuid = {193B0DD4-CC85-496B-B01B-4227FA394EB5}
	EndGlobalSection
EndGlobal
